
Microsoft Visual Studio Solution File, Format Version 12.00
# Visual Studio Version 16
VisualStudioVersion = 16.0.31005.135
MinimumVisualStudioVersion = 10.0.40219.1
Project("{FAE04EC0-301F-11D3-BF4B-00C04F79EFBC}") = "LabelsTextBoxesButtons", "LabelsTextBoxesButtons\LabelsTextBoxesButtons.csproj", "{55210A86-A184-4932-8346-622817ABF533}"
EndProject
Global
	GlobalSection(SolutionConfigurationPlatforms) = preSolution
		Debug|Any CPU = Debug|Any CPU
		Release|Any CPU = Release|Any CPU
	EndGlobalSection
	GlobalSection(ProjectConfigurationPlatforms) = postSolution
		{55210A86-A184-4932-8346-622817ABF533}.Debug|Any CPU.ActiveCfg = Debug|Any CPU
		{55210A86-A184-4932-8346-622817ABF533}.Debug|Any CPU.Build.0 = Debug|Any CPU
		{55210A86-A184-4932-8346-622817ABF533}.Release|Any CPU.ActiveCfg = Release|Any CPU
		{55210A86-A184-4932-8346-622817ABF533}.Release|Any CPU.Build.0 = Release|Any CPU
	EndGlobalSection
	GlobalSection(SolutionProperties) = preSolution
		HideSolutionNode = FALSE
	EndGlobalSection
	GlobalSection(ExtensibilityGlobals) = postSolution
		SolutionGuid = {9F8F9B99-9226-4C4A-9FD6-E7933F34F75E}
	EndGlobalSection
EndGlobal
