
Microsoft Visual Studio Solution File, Format Version 12.00
# Visual Studio Version 16
VisualStudioVersion = 16.0.31005.135
MinimumVisualStudioVersion = 10.0.40219.1
Project("{FAE04EC0-301F-11D3-BF4B-00C04F79EFBC}") = "KeyboardEventHandling", "KeyboardEventHandling\KeyboardEventHandling.csproj", "{F32C88C5-9827-45F3-957A-DA360DF849A0}"
EndProject
Global
	GlobalSection(SolutionConfigurationPlatforms) = preSolution
		Debug|Any CPU = Debug|Any CPU
		Release|Any CPU = Release|Any CPU
	EndGlobalSection
	GlobalSection(ProjectConfigurationPlatforms) = postSolution
		{F32C88C5-9827-45F3-957A-DA360DF849A0}.Debug|Any CPU.ActiveCfg = Debug|Any CPU
		{F32C88C5-9827-45F3-957A-DA360DF849A0}.Debug|Any CPU.Build.0 = Debug|Any CPU
		{F32C88C5-9827-45F3-957A-DA360DF849A0}.Release|Any CPU.ActiveCfg = Release|Any CPU
		{F32C88C5-9827-45F3-957A-DA360DF849A0}.Release|Any CPU.Build.0 = Release|Any CPU
	EndGlobalSection
	GlobalSection(SolutionProperties) = preSolution
		HideSolutionNode = FALSE
	EndGlobalSection
	GlobalSection(ExtensibilityGlobals) = postSolution
		SolutionGuid = {20C46A81-F0B2-4A13-8A4C-E2EF6F25C1CF}
	EndGlobalSection
EndGlobal
