
Microsoft Visual Studio Solution File, Format Version 12.00
# Visual Studio Version 16
VisualStudioVersion = 16.0.31005.135
MinimumVisualStudioVersion = 10.0.40219.1
Project("{FAE04EC0-301F-11D3-BF4B-00C04F79EFBC}") = "MultipleButtons", "MultipleButtons\MultipleButtons.csproj", "{E8C9ACB7-D47A-40F9-B26B-580A0BD97FFC}"
EndProject
Global
	GlobalSection(SolutionConfigurationPlatforms) = preSolution
		Debug|Any CPU = Debug|Any CPU
		Release|Any CPU = Release|Any CPU
	EndGlobalSection
	GlobalSection(ProjectConfigurationPlatforms) = postSolution
		{E8C9ACB7-D47A-40F9-B26B-580A0BD97FFC}.Debug|Any CPU.ActiveCfg = Debug|Any CPU
		{E8C9ACB7-D47A-40F9-B26B-580A0BD97FFC}.Debug|Any CPU.Build.0 = Debug|Any CPU
		{E8C9ACB7-D47A-40F9-B26B-580A0BD97FFC}.Release|Any CPU.ActiveCfg = Release|Any CPU
		{E8C9ACB7-D47A-40F9-B26B-580A0BD97FFC}.Release|Any CPU.Build.0 = Release|Any CPU
	EndGlobalSection
	GlobalSection(SolutionProperties) = preSolution
		HideSolutionNode = FALSE
	EndGlobalSection
	GlobalSection(ExtensibilityGlobals) = postSolution
		SolutionGuid = {F83899C2-B6B4-49D1-95FF-D19537F7E9F7}
	EndGlobalSection
EndGlobal
