
Microsoft Visual Studio Solution File, Format Version 12.00
# Visual Studio Version 16
VisualStudioVersion = 16.0.31005.135
MinimumVisualStudioVersion = 10.0.40219.1
Project("{FAE04EC0-301F-11D3-BF4B-00C04F79EFBC}") = "PictureBox", "PictureBox\PictureBox.csproj", "{9E5F5796-D8DF-41AC-85F3-5C8B0F54EC9E}"
EndProject
Global
	GlobalSection(SolutionConfigurationPlatforms) = preSolution
		Debug|Any CPU = Debug|Any CPU
		Release|Any CPU = Release|Any CPU
	EndGlobalSection
	GlobalSection(ProjectConfigurationPlatforms) = postSolution
		{9E5F5796-D8DF-41AC-85F3-5C8B0F54EC9E}.Debug|Any CPU.ActiveCfg = Debug|Any CPU
		{9E5F5796-D8DF-41AC-85F3-5C8B0F54EC9E}.Debug|Any CPU.Build.0 = Debug|Any CPU
		{9E5F5796-D8DF-41AC-85F3-5C8B0F54EC9E}.Release|Any CPU.ActiveCfg = Release|Any CPU
		{9E5F5796-D8DF-41AC-85F3-5C8B0F54EC9E}.Release|Any CPU.Build.0 = Release|Any CPU
	EndGlobalSection
	GlobalSection(SolutionProperties) = preSolution
		HideSolutionNode = FALSE
	EndGlobalSection
	GlobalSection(ExtensibilityGlobals) = postSolution
		SolutionGuid = {E4F3C16C-E7A1-49AB-8E81-EBB3D349B36F}
	EndGlobalSection
EndGlobal
